
Microsoft Visual Studio Solution File, Format Version 12.00
# Visual Studio Version 16
VisualStudioVersion = 16.0.31727.386
MinimumVisualStudioVersion = 10.0.40219.1
Project("{FAE04EC0-301F-11D3-BF4B-00C04F79EFBC}") = "TelaLogin", "TelaLogin\TelaLogin.csproj", "{37EF62DF-BA87-41EA-B6B5-81FB09F9CEC3}"
EndProject
Global
	GlobalSection(SolutionConfigurationPlatforms) = preSolution
		Debug|Any CPU = Debug|Any CPU
		Release|Any CPU = Release|Any CPU
	EndGlobalSection
	GlobalSection(ProjectConfigurationPlatforms) = postSolution
		{37EF62DF-BA87-41EA-B6B5-81FB09F9CEC3}.Debug|Any CPU.ActiveCfg = Debug|Any CPU
		{37EF62DF-BA87-41EA-B6B5-81FB09F9CEC3}.Debug|Any CPU.Build.0 = Debug|Any CPU
		{37EF62DF-BA87-41EA-B6B5-81FB09F9CEC3}.Release|Any CPU.ActiveCfg = Release|Any CPU
		{37EF62DF-BA87-41EA-B6B5-81FB09F9CEC3}.Release|Any CPU.Build.0 = Release|Any CPU
	EndGlobalSection
	GlobalSection(SolutionProperties) = preSolution
		HideSolutionNode = FALSE
	EndGlobalSection
	GlobalSection(ExtensibilityGlobals) = postSolution
		SolutionGuid = {019DE01A-D47E-4697-AEEB-DE05080EF5F0}
	EndGlobalSection
EndGlobal
